
Microsoft Visual Studio Solution File, Format Version 12.00
# Visual Studio Version 17
VisualStudioVersion = 17.5.33530.505
MinimumVisualStudioVersion = 10.0.40219.1
Project("{FAE04EC0-301F-11D3-BF4B-00C04F79EFBC}") = "Backend", "Backend\Backend.csproj", "{72EF6C01-2C8E-452A-B9B7-CFEC68556FEF}"
EndProject
Global
	GlobalSection(SolutionConfigurationPlatforms) = preSolution
		Debug|Any CPU = Debug|Any CPU
		Release|Any CPU = Release|Any CPU
	EndGlobalSection
	GlobalSection(ProjectConfigurationPlatforms) = postSolution
		{72EF6C01-2C8E-452A-B9B7-CFEC68556FEF}.Debug|Any CPU.ActiveCfg = Debug|Any CPU
		{72EF6C01-2C8E-452A-B9B7-CFEC68556FEF}.Debug|Any CPU.Build.0 = Debug|Any CPU
		{72EF6C01-2C8E-452A-B9B7-CFEC68556FEF}.Release|Any CPU.ActiveCfg = Release|Any CPU
		{72EF6C01-2C8E-452A-B9B7-CFEC68556FEF}.Release|Any CPU.Build.0 = Release|Any CPU
	EndGlobalSection
	GlobalSection(SolutionProperties) = preSolution
		HideSolutionNode = FALSE
	EndGlobalSection
	GlobalSection(ExtensibilityGlobals) = postSolution
		SolutionGuid = {2FD3D448-134E-4DE6-813D-929737D0A25C}
	EndGlobalSection
EndGlobal
